
Microsoft Visual Studio Solution File, Format Version 12.00
# Visual Studio Version 17
VisualStudioVersion = 17.0.31903.59
MinimumVisualStudioVersion = 10.0.40219.1
Project("{2150E333-8FDC-42A3-9474-1A3956D46DE8}") = "src", "src", "{027B4A68-94D9-4C64-9926-8D05026138EF}"
EndProject
Project("{FAE04EC0-301F-11D3-BF4B-00C04F79EFBC}") = "CodeAssessment.Domain", "src\CodeAssessment.Domain\CodeAssessment.Domain.csproj", "{68157E75-A16A-4C9A-B94C-FF144A78BAB6}"
EndProject
Project("{FAE04EC0-301F-11D3-BF4B-00C04F79EFBC}") = "CodeAssessment.Application", "src\CodeAssessment.Application\CodeAssessment.Application.csproj", "{CC463B19-27C9-4DC9-8209-CADFAD5E25DA}"
EndProject
Project("{FAE04EC0-301F-11D3-BF4B-00C04F79EFBC}") = "CodeAssessment.Infrastructure", "src\CodeAssessment.Infrastructure\CodeAssessment.Infrastructure.csproj", "{EBD01CF9-C970-43FB-BE5B-6B7C8B41DCC7}"
EndProject
Project("{FAE04EC0-301F-11D3-BF4B-00C04F79EFBC}") = "CodeAssessment.API", "src\CodeAssessment.API\CodeAssessment.API.csproj", "{10CF3865-D115-402A-B120-76A0744888A2}"
EndProject
Global
	GlobalSection(SolutionConfigurationPlatforms) = preSolution
		Debug|Any CPU = Debug|Any CPU
		Release|Any CPU = Release|Any CPU
	EndGlobalSection
	GlobalSection(SolutionProperties) = preSolution
		HideSolutionNode = FALSE
	EndGlobalSection
	GlobalSection(ProjectConfigurationPlatforms) = postSolution
		{68157E75-A16A-4C9A-B94C-FF144A78BAB6}.Debug|Any CPU.ActiveCfg = Debug|Any CPU
		{68157E75-A16A-4C9A-B94C-FF144A78BAB6}.Debug|Any CPU.Build.0 = Debug|Any CPU
		{68157E75-A16A-4C9A-B94C-FF144A78BAB6}.Release|Any CPU.ActiveCfg = Release|Any CPU
		{68157E75-A16A-4C9A-B94C-FF144A78BAB6}.Release|Any CPU.Build.0 = Release|Any CPU
		{CC463B19-27C9-4DC9-8209-CADFAD5E25DA}.Debug|Any CPU.ActiveCfg = Debug|Any CPU
		{CC463B19-27C9-4DC9-8209-CADFAD5E25DA}.Debug|Any CPU.Build.0 = Debug|Any CPU
		{CC463B19-27C9-4DC9-8209-CADFAD5E25DA}.Release|Any CPU.ActiveCfg = Release|Any CPU
		{CC463B19-27C9-4DC9-8209-CADFAD5E25DA}.Release|Any CPU.Build.0 = Release|Any CPU
		{EBD01CF9-C970-43FB-BE5B-6B7C8B41DCC7}.Debug|Any CPU.ActiveCfg = Debug|Any CPU
		{EBD01CF9-C970-43FB-BE5B-6B7C8B41DCC7}.Debug|Any CPU.Build.0 = Debug|Any CPU
		{EBD01CF9-C970-43FB-BE5B-6B7C8B41DCC7}.Release|Any CPU.ActiveCfg = Release|Any CPU
		{EBD01CF9-C970-43FB-BE5B-6B7C8B41DCC7}.Release|Any CPU.Build.0 = Release|Any CPU
		{10CF3865-D115-402A-B120-76A0744888A2}.Debug|Any CPU.ActiveCfg = Debug|Any CPU
		{10CF3865-D115-402A-B120-76A0744888A2}.Debug|Any CPU.Build.0 = Debug|Any CPU
		{10CF3865-D115-402A-B120-76A0744888A2}.Release|Any CPU.ActiveCfg = Release|Any CPU
		{10CF3865-D115-402A-B120-76A0744888A2}.Release|Any CPU.Build.0 = Release|Any CPU
	EndGlobalSection
	GlobalSection(NestedProjects) = preSolution
		{68157E75-A16A-4C9A-B94C-FF144A78BAB6} = {027B4A68-94D9-4C64-9926-8D05026138EF}
		{CC463B19-27C9-4DC9-8209-CADFAD5E25DA} = {027B4A68-94D9-4C64-9926-8D05026138EF}
		{EBD01CF9-C970-43FB-BE5B-6B7C8B41DCC7} = {027B4A68-94D9-4C64-9926-8D05026138EF}
		{10CF3865-D115-402A-B120-76A0744888A2} = {027B4A68-94D9-4C64-9926-8D05026138EF}
	EndGlobalSection
EndGlobal
